
Microsoft Visual Studio Solution File, Format Version 12.00
Project("{FAE04EC0-301F-11D3-BF4B-00C04F79EFBC}") = "Single2Multi", "Single2Multi\Single2Multi.csproj", "{527A32A6-2C7E-408E-B5D0-2661AFF254D7}"
EndProject
Global
	GlobalSection(SolutionConfigurationPlatforms) = preSolution
		Debug|Any CPU = Debug|Any CPU
		Release|Any CPU = Release|Any CPU
	EndGlobalSection
	GlobalSection(ProjectConfigurationPlatforms) = postSolution
		{527A32A6-2C7E-408E-B5D0-2661AFF254D7}.Debug|Any CPU.ActiveCfg = Debug|Any CPU
		{527A32A6-2C7E-408E-B5D0-2661AFF254D7}.Debug|Any CPU.Build.0 = Debug|Any CPU
		{527A32A6-2C7E-408E-B5D0-2661AFF254D7}.Release|Any CPU.ActiveCfg = Release|Any CPU
		{527A32A6-2C7E-408E-B5D0-2661AFF254D7}.Release|Any CPU.Build.0 = Release|Any CPU
	EndGlobalSection
EndGlobal
